// !$*UTF8*$!
{
	archiveVersion = 1;
	classes = {
	};
	objectVersion = 46;
	objects = {

/* Begin PBXBuildFile section */
		01471A831ADF3FA10001B2FD /* PostDetailViewController.m in Sources */ = {isa = PBXBuildFile; fileRef = 01471A821ADF3FA10001B2FD /* PostDetailViewController.m */; };
		01471A891ADF403C0001B2FD /* PostListViewController.m in Sources */ = {isa = PBXBuildFile; fileRef = 01471A881ADF403C0001B2FD /* PostListViewController.m */; };
		014802051AE0A7F700BD89E7 /* BGRadioView.m in Sources */ = {isa = PBXBuildFile; fileRef = 014802041AE0A7F700BD89E7 /* BGRadioView.m */; };
		014FE73D1ADE48190082167F /* EntryViewController.m in Sources */ = {isa = PBXBuildFile; fileRef = 014FE73C1ADE48190082167F /* EntryViewController.m */; };
		017502991AE0B22C0002E7A5 /* TimuViewController.m in Sources */ = {isa = PBXBuildFile; fileRef = 017502981AE0B22C0002E7A5 /* TimuViewController.m */; };
		0175029C1AE0D8870002E7A5 /* FenshuViewController.m in Sources */ = {isa = PBXBuildFile; fileRef = 0175029B1AE0D8870002E7A5 /* FenshuViewController.m */; };
		01AB00CD1ADBAF1E00D37D63 /* main.m in Sources */ = {isa = PBXBuildFile; fileRef = 01AB00CC1ADBAF1E00D37D63 /* main.m */; };
		01AB00D01ADBAF1E00D37D63 /* AppDelegate.m in Sources */ = {isa = PBXBuildFile; fileRef = 01AB00CF1ADBAF1E00D37D63 /* AppDelegate.m */; };
		01AB00D31ADBAF1E00D37D63 /* Ocean.xcdatamodeld in Sources */ = {isa = PBXBuildFile; fileRef = 01AB00D11ADBAF1E00D37D63 /* Ocean.xcdatamodeld */; };
		01AB00D61ADBAF1E00D37D63 /* RootViewController.m in Sources */ = {isa = PBXBuildFile; fileRef = 01AB00D51ADBAF1E00D37D63 /* RootViewController.m */; };
		01AB00D91ADBAF1E00D37D63 /* Main.storyboard in Resources */ = {isa = PBXBuildFile; fileRef = 01AB00D71ADBAF1E00D37D63 /* Main.storyboard */; };
		01AB00DB1ADBAF1E00D37D63 /* Images.xcassets in Resources */ = {isa = PBXBuildFile; fileRef = 01AB00DA1ADBAF1E00D37D63 /* Images.xcassets */; };
		01AB00EA1ADBAF1E00D37D63 /* OceanTests.m in Sources */ = {isa = PBXBuildFile; fileRef = 01AB00E91ADBAF1E00D37D63 /* OceanTests.m */; };
		01F430D81ADBBC250034BC72 /* NavigationController.m in Sources */ = {isa = PBXBuildFile; fileRef = 01F430D71ADBBC250034BC72 /* NavigationController.m */; };
		01F430DB1ADBBCC40034BC72 /* MenuViewController.m in Sources */ = {isa = PBXBuildFile; fileRef = 01F430DA1ADBBCC40034BC72 /* MenuViewController.m */; };
		01F430E41ADBE7C10034BC72 /* GameViewController.m in Sources */ = {isa = PBXBuildFile; fileRef = 01F430E31ADBE7C10034BC72 /* GameViewController.m */; };
		01F430E71ADBE88E0034BC72 /* ActivityViewController.m in Sources */ = {isa = PBXBuildFile; fileRef = 01F430E61ADBE88E0034BC72 /* ActivityViewController.m */; };
		01F430EA1ADBEA2B0034BC72 /* CommunityViewController.m in Sources */ = {isa = PBXBuildFile; fileRef = 01F430E91ADBEA2B0034BC72 /* CommunityViewController.m */; };
		01F430ED1ADBEBCB0034BC72 /* UserViewController.m in Sources */ = {isa = PBXBuildFile; fileRef = 01F430EC1ADBEBCB0034BC72 /* UserViewController.m */; };
		C33DFFA51ADD15FD00233DF2 /* YouXiCell.m in Sources */ = {isa = PBXBuildFile; fileRef = C33DFFA31ADD15FD00233DF2 /* YouXiCell.m */; };
		C33DFFA61ADD15FD00233DF2 /* YouXiCell.xib in Resources */ = {isa = PBXBuildFile; fileRef = C33DFFA41ADD15FD00233DF2 /* YouXiCell.xib */; };
		C37FEF3E1ADF49CE005D5B32 /* MyCell.m in Sources */ = {isa = PBXBuildFile; fileRef = C37FEF3C1ADF49CE005D5B32 /* MyCell.m */; };
		C37FEF3F1ADF49CE005D5B32 /* MyCell.xib in Resources */ = {isa = PBXBuildFile; fileRef = C37FEF3D1ADF49CE005D5B32 /* MyCell.xib */; };
		C3C1AAC51ADDEEEA00BE329D /* LoginViewController.m in Sources */ = {isa = PBXBuildFile; fileRef = C3C1AAC41ADDEEEA00BE329D /* LoginViewController.m */; };
		C3C1AB081ADE586100BE329D /* CCSegmentedControl.m in Sources */ = {isa = PBXBuildFile; fileRef = C3C1AB071ADE586100BE329D /* CCSegmentedControl.m */; };
		C3C1AB0B1ADE67FB00BE329D /* ShouYouViewController.m in Sources */ = {isa = PBXBuildFile; fileRef = C3C1AB0A1ADE67FB00BE329D /* ShouYouViewController.m */; };
		C3C1AB0E1ADE680A00BE329D /* ShanghuViewController.m in Sources */ = {isa = PBXBuildFile; fileRef = C3C1AB0D1ADE680A00BE329D /* ShanghuViewController.m */; };
		C3C1AB111ADE681800BE329D /* ZhiShiViewController.m in Sources */ = {isa = PBXBuildFile; fileRef = C3C1AB101ADE681800BE329D /* ZhiShiViewController.m */; };
		C3C64A841ADFD12F005BF4CF /* GuanYuAHYViewController.m in Sources */ = {isa = PBXBuildFile; fileRef = C3C64A801ADFD12F005BF4CF /* GuanYuAHYViewController.m */; };
		C3C64A851ADFD12F005BF4CF /* GyahyCell.m in Sources */ = {isa = PBXBuildFile; fileRef = C3C64A821ADFD12F005BF4CF /* GyahyCell.m */; };
		C3C64A861ADFD12F005BF4CF /* GyahyCell.xib in Resources */ = {isa = PBXBuildFile; fileRef = C3C64A831ADFD12F005BF4CF /* GyahyCell.xib */; };
		C3CA933D1AE0B8AC00911A49 /* ShouJiViewController.m in Sources */ = {isa = PBXBuildFile; fileRef = C3CA93391AE0B8AC00911A49 /* ShouJiViewController.m */; };
		C3CA933E1AE0B8AC00911A49 /* ZhuCeViewController.m in Sources */ = {isa = PBXBuildFile; fileRef = C3CA933B1AE0B8AC00911A49 /* ZhuCeViewController.m */; };
		C3CA933F1AE0B8AC00911A49 /* ZhuCeViewController.xib in Resources */ = {isa = PBXBuildFile; fileRef = C3CA933C1AE0B8AC00911A49 /* ZhuCeViewController.xib */; };
		C3CCA5921AE4923F005F04E1 /* MailConnection.framework in Frameworks */ = {isa = PBXBuildFile; fileRef = C3CCA56B1AE4923F005F04E1 /* MailConnection.framework */; };
		C3CCA5931AE4923F005F04E1 /* QQConnection.framework in Frameworks */ = {isa = PBXBuildFile; fileRef = C3CCA56C1AE4923F005F04E1 /* QQConnection.framework */; };
		C3CCA5941AE4923F005F04E1 /* QZoneConnection.framework in Frameworks */ = {isa = PBXBuildFile; fileRef = C3CCA56D1AE4923F005F04E1 /* QZoneConnection.framework */; };
		C3CCA5951AE4923F005F04E1 /* RenRenConnection.framework in Frameworks */ = {isa = PBXBuildFile; fileRef = C3CCA56E1AE4923F005F04E1 /* RenRenConnection.framework */; };
		C3CCA5961AE4923F005F04E1 /* SinaWeiboConnection.framework in Frameworks */ = {isa = PBXBuildFile; fileRef = C3CCA56F1AE4923F005F04E1 /* SinaWeiboConnection.framework */; };
		C3CCA5971AE4923F005F04E1 /* SMSConnection.framework in Frameworks */ = {isa = PBXBuildFile; fileRef = C3CCA5701AE4923F005F04E1 /* SMSConnection.framework */; };
		C3CCA5981AE4923F005F04E1 /* TencentWeiboConnection.framework in Frameworks */ = {isa = PBXBuildFile; fileRef = C3CCA5711AE4923F005F04E1 /* TencentWeiboConnection.framework */; };
		C3CCA5991AE4923F005F04E1 /* WeChatConnection.framework in Frameworks */ = {isa = PBXBuildFile; fileRef = C3CCA5721AE4923F005F04E1 /* WeChatConnection.framework */; };
		C3CCA59A1AE4923F005F04E1 /* AGCommon.framework in Frameworks */ = {isa = PBXBuildFile; fileRef = C3CCA5741AE4923F005F04E1 /* AGCommon.framework */; };
		C3CCA59B1AE4923F005F04E1 /* ShareSDKLocalizable.strings in Resources */ = {isa = PBXBuildFile; fileRef = C3CCA5751AE4923F005F04E1 /* ShareSDKLocalizable.strings */; };
		C3CCA59C1AE4923F005F04E1 /* Resource.bundle in Resources */ = {isa = PBXBuildFile; fileRef = C3CCA5771AE4923F005F04E1 /* Resource.bundle */; };
		C3CCA59D1AE4923F005F04E1 /* ShareSDKCoreService.framework in Frameworks */ = {isa = PBXBuildFile; fileRef = C3CCA5781AE4923F005F04E1 /* ShareSDKCoreService.framework */; };
		C3CCA59E1AE4923F005F04E1 /* TencentOpenAPI.framework in Frameworks */ = {isa = PBXBuildFile; fileRef = C3CCA57C1AE4923F005F04E1 /* TencentOpenAPI.framework */; };
		C3CCA59F1AE4923F005F04E1 /* TencentOpenApi_IOS_Bundle.bundle in Resources */ = {isa = PBXBuildFile; fileRef = C3CCA57D1AE4923F005F04E1 /* TencentOpenApi_IOS_Bundle.bundle */; };
		C3CCA5A01AE4923F005F04E1 /* RennSDK.bundle in Resources */ = {isa = PBXBuildFile; fileRef = C3CCA57F1AE4923F005F04E1 /* RennSDK.bundle */; };
		C3CCA5A11AE4923F005F04E1 /* RennSDK.framework in Frameworks */ = {isa = PBXBuildFile; fileRef = C3CCA5801AE4923F005F04E1 /* RennSDK.framework */; };
		C3CCA5A21AE4923F005F04E1 /* libWeiboSDK.a in Frameworks */ = {isa = PBXBuildFile; fileRef = C3CCA5821AE4923F005F04E1 /* libWeiboSDK.a */; };
		C3CCA5A31AE4923F005F04E1 /* WeiboSDK.bundle in Resources */ = {isa = PBXBuildFile; fileRef = C3CCA5831AE4923F005F04E1 /* WeiboSDK.bundle */; };
		C3CCA5A41AE4923F005F04E1 /* libTCWeiboSDK.a in Frameworks */ = {isa = PBXBuildFile; fileRef = C3CCA5861AE4923F005F04E1 /* libTCWeiboSDK.a */; };
		C3CCA5A51AE4923F005F04E1 /* libWeChatSDK.a in Frameworks */ = {isa = PBXBuildFile; fileRef = C3CCA58A1AE4923F005F04E1 /* libWeChatSDK.a */; };
		C3CCA5A61AE4923F005F04E1 /* ShareSDK.framework in Frameworks */ = {isa = PBXBuildFile; fileRef = C3CCA58D1AE4923F005F04E1 /* ShareSDK.framework */; };
		C3CCA5A71AE4923F005F04E1 /* ShareSDKFlatShareViewUI.bundle in Resources */ = {isa = PBXBuildFile; fileRef = C3CCA58F1AE4923F005F04E1 /* ShareSDKFlatShareViewUI.bundle */; };
		C3CCA5A81AE4923F005F04E1 /* ShareSDKFlatShareViewUI.framework in Frameworks */ = {isa = PBXBuildFile; fileRef = C3CCA5901AE4923F005F04E1 /* ShareSDKFlatShareViewUI.framework */; };
		C3CCA5A91AE4923F005F04E1 /* ShareSDKShareActionSheet.framework in Frameworks */ = {isa = PBXBuildFile; fileRef = C3CCA5911AE4923F005F04E1 /* ShareSDKShareActionSheet.framework */; };
		C3CCA5AB1AE492B6005F04E1 /* SystemConfiguration.framework in Frameworks */ = {isa = PBXBuildFile; fileRef = C3CCA5AA1AE492B6005F04E1 /* SystemConfiguration.framework */; };
		C3CCA5AD1AE492C1005F04E1 /* QuartzCore.framework in Frameworks */ = {isa = PBXBuildFile; fileRef = C3CCA5AC1AE492C1005F04E1 /* QuartzCore.framework */; };
		C3CCA5AF1AE492D2005F04E1 /* CoreTelephony.framework in Frameworks */ = {isa = PBXBuildFile; fileRef = C3CCA5AE1AE492D2005F04E1 /* CoreTelephony.framework */; };
		C3CCA5B11AE492E2005F04E1 /* libicucore.dylib in Frameworks */ = {isa = PBXBuildFile; fileRef = C3CCA5B01AE492E2005F04E1 /* libicucore.dylib */; };
		C3CCA5B31AE492F4005F04E1 /* libz.1.2.5.dylib in Frameworks */ = {isa = PBXBuildFile; fileRef = C3CCA5B21AE492F4005F04E1 /* libz.1.2.5.dylib */; };
		C3CCA5B51AE49302005F04E1 /* Security.framework in Frameworks */ = {isa = PBXBuildFile; fileRef = C3CCA5B41AE49302005F04E1 /* Security.framework */; };
		C3CCA5B71AE49338005F04E1 /* ImageIO.framework in Frameworks */ = {isa = PBXBuildFile; fileRef = C3CCA5B61AE49338005F04E1 /* ImageIO.framework */; };
		C3CCA5B91AE4934D005F04E1 /* Social.framework in Frameworks */ = {isa = PBXBuildFile; fileRef = C3CCA5B81AE4934D005F04E1 /* Social.framework */; };
		C3CCA5BB1AE49358005F04E1 /* Accounts.framework in Frameworks */ = {isa = PBXBuildFile; fileRef = C3CCA5BA1AE49358005F04E1 /* Accounts.framework */; };
		C3CCA5BD1AE49366005F04E1 /* MessageUI.framework in Frameworks */ = {isa = PBXBuildFile; fileRef = C3CCA5BC1AE49366005F04E1 /* MessageUI.framework */; };
		C3CCA5BF1AE49378005F04E1 /* libstdc++.dylib in Frameworks */ = {isa = PBXBuildFile; fileRef = C3CCA5BE1AE49378005F04E1 /* libstdc++.dylib */; };
		C3CCA5C11AE49383005F04E1 /* libsqlite3.dylib in Frameworks */ = {isa = PBXBuildFile; fileRef = C3CCA5C01AE49383005F04E1 /* libsqlite3.dylib */; };
		D4871C0E7E10BFF6868AEF92 /* libPods.a in Frameworks */ = {isa = PBXBuildFile; fileRef = 781783F52B5E0D72B1450935 /* libPods.a */; };
/* End PBXBuildFile section */

/* Begin PBXContainerItemProxy section */
		01AB00E41ADBAF1E00D37D63 /* PBXContainerItemProxy */ = {
			isa = PBXContainerItemProxy;
			containerPortal = 01AB00BF1ADBAF1E00D37D63 /* Project object */;
			proxyType = 1;
			remoteGlobalIDString = 01AB00C61ADBAF1E00D37D63;
			remoteInfo = Ocean;
		};
/* End PBXContainerItemProxy section */

/* Begin PBXFileReference section */
		01471A811ADF3FA10001B2FD /* PostDetailViewController.h */ = {isa = PBXFileReference; fileEncoding = 4; lastKnownFileType = sourcecode.c.h; path = PostDetailViewController.h; sourceTree = "<group>"; };
		01471A821ADF3FA10001B2FD /* PostDetailViewController.m */ = {isa = PBXFileReference; fileEncoding = 4; lastKnownFileType = sourcecode.c.objc; path = PostDetailViewController.m; sourceTree = "<group>"; };
		01471A871ADF403C0001B2FD /* PostListViewController.h */ = {isa = PBXFileReference; fileEncoding = 4; lastKnownFileType = sourcecode.c.h; path = PostListViewController.h; sourceTree = "<group>"; };
		01471A881ADF403C0001B2FD /* PostListViewController.m */ = {isa = PBXFileReference; fileEncoding = 4; lastKnownFileType = sourcecode.c.objc; path = PostListViewController.m; sourceTree = "<group>"; };
		014802031AE0A7F700BD89E7 /* BGRadioView.h */ = {isa = PBXFileReference; fileEncoding = 4; lastKnownFileType = sourcecode.c.h; path = BGRadioView.h; sourceTree = "<group>"; };
		014802041AE0A7F700BD89E7 /* BGRadioView.m */ = {isa = PBXFileReference; fileEncoding = 4; lastKnownFileType = sourcecode.c.objc; path = BGRadioView.m; sourceTree = "<group>"; };
		014FE73B1ADE48190082167F /* EntryViewController.h */ = {isa = PBXFileReference; fileEncoding = 4; lastKnownFileType = sourcecode.c.h; path = EntryViewController.h; sourceTree = "<group>"; };
		014FE73C1ADE48190082167F /* EntryViewController.m */ = {isa = PBXFileReference; fileEncoding = 4; lastKnownFileType = sourcecode.c.objc; path = EntryViewController.m; sourceTree = "<group>"; };
		017502971AE0B22C0002E7A5 /* TimuViewController.h */ = {isa = PBXFileReference; fileEncoding = 4; lastKnownFileType = sourcecode.c.h; path = TimuViewController.h; sourceTree = "<group>"; };
		017502981AE0B22C0002E7A5 /* TimuViewController.m */ = {isa = PBXFileReference; fileEncoding = 4; lastKnownFileType = sourcecode.c.objc; path = TimuViewController.m; sourceTree = "<group>"; };
		0175029A1AE0D8870002E7A5 /* FenshuViewController.h */ = {isa = PBXFileReference; fileEncoding = 4; lastKnownFileType = sourcecode.c.h; path = FenshuViewController.h; sourceTree = "<group>"; };
		0175029B1AE0D8870002E7A5 /* FenshuViewController.m */ = {isa = PBXFileReference; fileEncoding = 4; lastKnownFileType = sourcecode.c.objc; path = FenshuViewController.m; sourceTree = "<group>"; };
		01AB00C71ADBAF1E00D37D63 /* Ocean.app */ = {isa = PBXFileReference; explicitFileType = wrapper.application; includeInIndex = 0; path = Ocean.app; sourceTree = BUILT_PRODUCTS_DIR; };
		01AB00CB1ADBAF1E00D37D63 /* Info.plist */ = {isa = PBXFileReference; lastKnownFileType = text.plist.xml; path = Info.plist; sourceTree = "<group>"; };
		01AB00CC1ADBAF1E00D37D63 /* main.m */ = {isa = PBXFileReference; lastKnownFileType = sourcecode.c.objc; path = main.m; sourceTree = "<group>"; };
		01AB00CE1ADBAF1E00D37D63 /* AppDelegate.h */ = {isa = PBXFileReference; lastKnownFileType = sourcecode.c.h; path = AppDelegate.h; sourceTree = "<group>"; };
		01AB00CF1ADBAF1E00D37D63 /* AppDelegate.m */ = {isa = PBXFileReference; lastKnownFileType = sourcecode.c.objc; path = AppDelegate.m; sourceTree = "<group>"; };
		01AB00D21ADBAF1E00D37D63 /* Ocean.xcdatamodel */ = {isa = PBXFileReference; lastKnownFileType = wrapper.xcdatamodel; path = Ocean.xcdatamodel; sourceTree = "<group>"; };
		01AB00D41ADBAF1E00D37D63 /* RootViewController.h */ = {isa = PBXFileReference; lastKnownFileType = sourcecode.c.h; path = RootViewController.h; sourceTree = "<group>"; };
		01AB00D51ADBAF1E00D37D63 /* RootViewController.m */ = {isa = PBXFileReference; lastKnownFileType = sourcecode.c.objc; path = RootViewController.m; sourceTree = "<group>"; };
		01AB00D81ADBAF1E00D37D63 /* Base */ = {isa = PBXFileReference; lastKnownFileType = file.storyboard; name = Base; path = Base.lproj/Main.storyboard; sourceTree = "<group>"; };
		01AB00DA1ADBAF1E00D37D63 /* Images.xcassets */ = {isa = PBXFileReference; lastKnownFileType = folder.assetcatalog; path = Images.xcassets; sourceTree = "<group>"; };
		01AB00E31ADBAF1E00D37D63 /* OceanTests.xctest */ = {isa = PBXFileReference; explicitFileType = wrapper.cfbundle; includeInIndex = 0; path = OceanTests.xctest; sourceTree = BUILT_PRODUCTS_DIR; };
		01AB00E81ADBAF1E00D37D63 /* Info.plist */ = {isa = PBXFileReference; lastKnownFileType = text.plist.xml; path = Info.plist; sourceTree = "<group>"; };
		01AB00E91ADBAF1E00D37D63 /* OceanTests.m */ = {isa = PBXFileReference; lastKnownFileType = sourcecode.c.objc; path = OceanTests.m; sourceTree = "<group>"; };
		01F430D61ADBBC250034BC72 /* NavigationController.h */ = {isa = PBXFileReference; fileEncoding = 4; lastKnownFileType = sourcecode.c.h; path = NavigationController.h; sourceTree = "<group>"; };
		01F430D71ADBBC250034BC72 /* NavigationController.m */ = {isa = PBXFileReference; fileEncoding = 4; lastKnownFileType = sourcecode.c.objc; path = NavigationController.m; sourceTree = "<group>"; };
		01F430D91ADBBCC40034BC72 /* MenuViewController.h */ = {isa = PBXFileReference; fileEncoding = 4; lastKnownFileType = sourcecode.c.h; path = MenuViewController.h; sourceTree = "<group>"; };
		01F430DA1ADBBCC40034BC72 /* MenuViewController.m */ = {isa = PBXFileReference; fileEncoding = 4; lastKnownFileType = sourcecode.c.objc; path = MenuViewController.m; sourceTree = "<group>"; };
		01F430E21ADBE7C10034BC72 /* GameViewController.h */ = {isa = PBXFileReference; fileEncoding = 4; lastKnownFileType = sourcecode.c.h; path = GameViewController.h; sourceTree = "<group>"; };
		01F430E31ADBE7C10034BC72 /* GameViewController.m */ = {isa = PBXFileReference; fileEncoding = 4; lastKnownFileType = sourcecode.c.objc; path = GameViewController.m; sourceTree = "<group>"; };
		01F430E51ADBE88E0034BC72 /* ActivityViewController.h */ = {isa = PBXFileReference; fileEncoding = 4; lastKnownFileType = sourcecode.c.h; path = ActivityViewController.h; sourceTree = "<group>"; };
		01F430E61ADBE88E0034BC72 /* ActivityViewController.m */ = {isa = PBXFileReference; fileEncoding = 4; lastKnownFileType = sourcecode.c.objc; path = ActivityViewController.m; sourceTree = "<group>"; };
		01F430E81ADBEA2B0034BC72 /* CommunityViewController.h */ = {isa = PBXFileReference; fileEncoding = 4; lastKnownFileType = sourcecode.c.h; name = CommunityViewController.h; path = Ocean/CommunityViewController.h; sourceTree = "<group>"; };
		01F430E91ADBEA2B0034BC72 /* CommunityViewController.m */ = {isa = PBXFileReference; fileEncoding = 4; lastKnownFileType = sourcecode.c.objc; name = CommunityViewController.m; path = Ocean/CommunityViewController.m; sourceTree = "<group>"; };
		01F430EB1ADBEBCB0034BC72 /* UserViewController.h */ = {isa = PBXFileReference; fileEncoding = 4; lastKnownFileType = sourcecode.c.h; path = UserViewController.h; sourceTree = "<group>"; };
		01F430EC1ADBEBCB0034BC72 /* UserViewController.m */ = {isa = PBXFileReference; fileEncoding = 4; lastKnownFileType = sourcecode.c.objc; path = UserViewController.m; sourceTree = "<group>"; };
		5E9BFA46BF86030F8D7AEA65 /* Pods.release.xcconfig */ = {isa = PBXFileReference; includeInIndex = 1; lastKnownFileType = text.xcconfig; name = Pods.release.xcconfig; path = "Pods/Target Support Files/Pods/Pods.release.xcconfig"; sourceTree = "<group>"; };
		781783F52B5E0D72B1450935 /* libPods.a */ = {isa = PBXFileReference; explicitFileType = archive.ar; includeInIndex = 0; path = libPods.a; sourceTree = BUILT_PRODUCTS_DIR; };
		C33DFFA21ADD15FD00233DF2 /* YouXiCell.h */ = {isa = PBXFileReference; fileEncoding = 4; lastKnownFileType = sourcecode.c.h; path = YouXiCell.h; sourceTree = "<group>"; };
		C33DFFA31ADD15FD00233DF2 /* YouXiCell.m */ = {isa = PBXFileReference; fileEncoding = 4; lastKnownFileType = sourcecode.c.objc; path = YouXiCell.m; sourceTree = "<group>"; };
		C33DFFA41ADD15FD00233DF2 /* YouXiCell.xib */ = {isa = PBXFileReference; fileEncoding = 4; lastKnownFileType = file.xib; path = YouXiCell.xib; sourceTree = "<group>"; };
		C33DFFA71ADD174200233DF2 /* UIDefine.h */ = {isa = PBXFileReference; fileEncoding = 4; lastKnownFileType = sourcecode.c.h; path = UIDefine.h; sourceTree = "<group>"; };
		C37FEF3B1ADF49CE005D5B32 /* MyCell.h */ = {isa = PBXFileReference; fileEncoding = 4; lastKnownFileType = sourcecode.c.h; path = MyCell.h; sourceTree = "<group>"; };
		C37FEF3C1ADF49CE005D5B32 /* MyCell.m */ = {isa = PBXFileReference; fileEncoding = 4; lastKnownFileType = sourcecode.c.objc; path = MyCell.m; sourceTree = "<group>"; };
		C37FEF3D1ADF49CE005D5B32 /* MyCell.xib */ = {isa = PBXFileReference; fileEncoding = 4; lastKnownFileType = file.xib; path = MyCell.xib; sourceTree = "<group>"; };
		C3C1AAC31ADDEEEA00BE329D /* LoginViewController.h */ = {isa = PBXFileReference; fileEncoding = 4; lastKnownFileType = sourcecode.c.h; path = LoginViewController.h; sourceTree = "<group>"; };
		C3C1AAC41ADDEEEA00BE329D /* LoginViewController.m */ = {isa = PBXFileReference; fileEncoding = 4; lastKnownFileType = sourcecode.c.objc; path = LoginViewController.m; sourceTree = "<group>"; };
		C3C1AB061ADE586100BE329D /* CCSegmentedControl.h */ = {isa = PBXFileReference; fileEncoding = 4; lastKnownFileType = sourcecode.c.h; path = CCSegmentedControl.h; sourceTree = "<group>"; };
		C3C1AB071ADE586100BE329D /* CCSegmentedControl.m */ = {isa = PBXFileReference; fileEncoding = 4; lastKnownFileType = sourcecode.c.objc; path = CCSegmentedControl.m; sourceTree = "<group>"; };
		C3C1AB091ADE67FB00BE329D /* ShouYouViewController.h */ = {isa = PBXFileReference; fileEncoding = 4; lastKnownFileType = sourcecode.c.h; path = ShouYouViewController.h; sourceTree = "<group>"; };
		C3C1AB0A1ADE67FB00BE329D /* ShouYouViewController.m */ = {isa = PBXFileReference; fileEncoding = 4; lastKnownFileType = sourcecode.c.objc; path = ShouYouViewController.m; sourceTree = "<group>"; };
		C3C1AB0C1ADE680A00BE329D /* ShanghuViewController.h */ = {isa = PBXFileReference; fileEncoding = 4; lastKnownFileType = sourcecode.c.h; path = ShanghuViewController.h; sourceTree = "<group>"; };
		C3C1AB0D1ADE680A00BE329D /* ShanghuViewController.m */ = {isa = PBXFileReference; fileEncoding = 4; lastKnownFileType = sourcecode.c.objc; path = ShanghuViewController.m; sourceTree = "<group>"; };
		C3C1AB0F1ADE681800BE329D /* ZhiShiViewController.h */ = {isa = PBXFileReference; fileEncoding = 4; lastKnownFileType = sourcecode.c.h; path = ZhiShiViewController.h; sourceTree = "<group>"; };
		C3C1AB101ADE681800BE329D /* ZhiShiViewController.m */ = {isa = PBXFileReference; fileEncoding = 4; lastKnownFileType = sourcecode.c.objc; path = ZhiShiViewController.m; sourceTree = "<group>"; };
		C3C64A7F1ADFD12F005BF4CF /* GuanYuAHYViewController.h */ = {isa = PBXFileReference; fileEncoding = 4; lastKnownFileType = sourcecode.c.h; path = GuanYuAHYViewController.h; sourceTree = "<group>"; };
		C3C64A801ADFD12F005BF4CF /* GuanYuAHYViewController.m */ = {isa = PBXFileReference; fileEncoding = 4; lastKnownFileType = sourcecode.c.objc; path = GuanYuAHYViewController.m; sourceTree = "<group>"; };
		C3C64A811ADFD12F005BF4CF /* GyahyCell.h */ = {isa = PBXFileReference; fileEncoding = 4; lastKnownFileType = sourcecode.c.h; path = GyahyCell.h; sourceTree = "<group>"; };
		C3C64A821ADFD12F005BF4CF /* GyahyCell.m */ = {isa = PBXFileReference; fileEncoding = 4; lastKnownFileType = sourcecode.c.objc; path = GyahyCell.m; sourceTree = "<group>"; };
		C3C64A831ADFD12F005BF4CF /* GyahyCell.xib */ = {isa = PBXFileReference; fileEncoding = 4; lastKnownFileType = file.xib; path = GyahyCell.xib; sourceTree = "<group>"; };
		C3CA93381AE0B8AC00911A49 /* ShouJiViewController.h */ = {isa = PBXFileReference; fileEncoding = 4; lastKnownFileType = sourcecode.c.h; path = ShouJiViewController.h; sourceTree = "<group>"; };
		C3CA93391AE0B8AC00911A49 /* ShouJiViewController.m */ = {isa = PBXFileReference; fileEncoding = 4; lastKnownFileType = sourcecode.c.objc; path = ShouJiViewController.m; sourceTree = "<group>"; };
		C3CA933A1AE0B8AC00911A49 /* ZhuCeViewController.h */ = {isa = PBXFileReference; fileEncoding = 4; lastKnownFileType = sourcecode.c.h; path = ZhuCeViewController.h; sourceTree = "<group>"; };
		C3CA933B1AE0B8AC00911A49 /* ZhuCeViewController.m */ = {isa = PBXFileReference; fileEncoding = 4; lastKnownFileType = sourcecode.c.objc; path = ZhuCeViewController.m; sourceTree = "<group>"; };
		C3CA933C1AE0B8AC00911A49 /* ZhuCeViewController.xib */ = {isa = PBXFileReference; fileEncoding = 4; lastKnownFileType = file.xib; path = ZhuCeViewController.xib; sourceTree = "<group>"; };
		C3CCA56B1AE4923F005F04E1 /* MailConnection.framework */ = {isa = PBXFileReference; lastKnownFileType = wrapper.framework; path = MailConnection.framework; sourceTree = "<group>"; };
		C3CCA56C1AE4923F005F04E1 /* QQConnection.framework */ = {isa = PBXFileReference; lastKnownFileType = wrapper.framework; path = QQConnection.framework; sourceTree = "<group>"; };
		C3CCA56D1AE4923F005F04E1 /* QZoneConnection.framework */ = {isa = PBXFileReference; lastKnownFileType = wrapper.framework; path = QZoneConnection.framework; sourceTree = "<group>"; };
		C3CCA56E1AE4923F005F04E1 /* RenRenConnection.framework */ = {isa = PBXFileReference; lastKnownFileType = wrapper.framework; path = RenRenConnection.framework; sourceTree = "<group>"; };
		C3CCA56F1AE4923F005F04E1 /* SinaWeiboConnection.framework */ = {isa = PBXFileReference; lastKnownFileType = wrapper.framework; path = SinaWeiboConnection.framework; sourceTree = "<group>"; };
		C3CCA5701AE4923F005F04E1 /* SMSConnection.framework */ = {isa = PBXFileReference; lastKnownFileType = wrapper.framework; path = SMSConnection.framework; sourceTree = "<group>"; };
		C3CCA5711AE4923F005F04E1 /* TencentWeiboConnection.framework */ = {isa = PBXFileReference; lastKnownFileType = wrapper.framework; path = TencentWeiboConnection.framework; sourceTree = "<group>"; };
		C3CCA5721AE4923F005F04E1 /* WeChatConnection.framework */ = {isa = PBXFileReference; lastKnownFileType = wrapper.framework; path = WeChatConnection.framework; sourceTree = "<group>"; };
		C3CCA5741AE4923F005F04E1 /* AGCommon.framework */ = {isa = PBXFileReference; lastKnownFileType = wrapper.framework; path = AGCommon.framework; sourceTree = "<group>"; };
		C3CCA5761AE4923F005F04E1 /* en */ = {isa = PBXFileReference; lastKnownFileType = text.plist.strings; name = en; path = en.lproj/ShareSDKLocalizable.strings; sourceTree = "<group>"; };
		C3CCA5771AE4923F005F04E1 /* Resource.bundle */ = {isa = PBXFileReference; lastKnownFileType = "wrapper.plug-in"; path = Resource.bundle; sourceTree = "<group>"; };
		C3CCA5781AE4923F005F04E1 /* ShareSDKCoreService.framework */ = {isa = PBXFileReference; lastKnownFileType = wrapper.framework; path = ShareSDKCoreService.framework; sourceTree = "<group>"; };
		C3CCA5791AE4923F005F04E1 /* zh-Hans */ = {isa = PBXFileReference; lastKnownFileType = text.plist.strings; name = "zh-Hans"; path = "zh-Hans.lproj/ShareSDKLocalizable.strings"; sourceTree = "<group>"; };
		C3CCA57C1AE4923F005F04E1 /* TencentOpenAPI.framework */ = {isa = PBXFileReference; lastKnownFileType = wrapper.framework; path = TencentOpenAPI.framework; sourceTree = "<group>"; };
		C3CCA57D1AE4923F005F04E1 /* TencentOpenApi_IOS_Bundle.bundle */ = {isa = PBXFileReference; lastKnownFileType = "wrapper.plug-in"; path = TencentOpenApi_IOS_Bundle.bundle; sourceTree = "<group>"; };
		C3CCA57F1AE4923F005F04E1 /* RennSDK.bundle */ = {isa = PBXFileReference; lastKnownFileType = "wrapper.plug-in"; path = RennSDK.bundle; sourceTree = "<group>"; };
		C3CCA5801AE4923F005F04E1 /* RennSDK.framework */ = {isa = PBXFileReference; lastKnownFileType = wrapper.framework; path = RennSDK.framework; sourceTree = "<group>"; };
		C3CCA5821AE4923F005F04E1 /* libWeiboSDK.a */ = {isa = PBXFileReference; lastKnownFileType = archive.ar; path = libWeiboSDK.a; sourceTree = "<group>"; };
		C3CCA5831AE4923F005F04E1 /* WeiboSDK.bundle */ = {isa = PBXFileReference; lastKnownFileType = "wrapper.plug-in"; path = WeiboSDK.bundle; sourceTree = "<group>"; };
		C3CCA5841AE4923F005F04E1 /* WeiboSDK.h */ = {isa = PBXFileReference; fileEncoding = 4; lastKnownFileType = sourcecode.c.h; path = WeiboSDK.h; sourceTree = "<group>"; };
		C3CCA5861AE4923F005F04E1 /* libTCWeiboSDK.a */ = {isa = PBXFileReference; lastKnownFileType = archive.ar; path = libTCWeiboSDK.a; sourceTree = "<group>"; };
		C3CCA5871AE4923F005F04E1 /* WeiboApi.h */ = {isa = PBXFileReference; fileEncoding = 4; lastKnownFileType = sourcecode.c.h; path = WeiboApi.h; sourceTree = "<group>"; };
		C3CCA5881AE4923F005F04E1 /* WeiboApiObject.h */ = {isa = PBXFileReference; fileEncoding = 4; lastKnownFileType = sourcecode.c.h; path = WeiboApiObject.h; sourceTree = "<group>"; };
		C3CCA58A1AE4923F005F04E1 /* libWeChatSDK.a */ = {isa = PBXFileReference; lastKnownFileType = archive.ar; path = libWeChatSDK.a; sourceTree = "<group>"; };
		C3CCA58B1AE4923F005F04E1 /* WXApi.h */ = {isa = PBXFileReference; fileEncoding = 4; lastKnownFileType = sourcecode.c.h; path = WXApi.h; sourceTree = "<group>"; };
		C3CCA58C1AE4923F005F04E1 /* WXApiObject.h */ = {isa = PBXFileReference; fileEncoding = 4; lastKnownFileType = sourcecode.c.h; path = WXApiObject.h; sourceTree = "<group>"; };
		C3CCA58D1AE4923F005F04E1 /* ShareSDK.framework */ = {isa = PBXFileReference; lastKnownFileType = wrapper.framework; path = ShareSDK.framework; sourceTree = "<group>"; };
		C3CCA58F1AE4923F005F04E1 /* ShareSDKFlatShareViewUI.bundle */ = {isa = PBXFileReference; lastKnownFileType = "wrapper.plug-in"; path = ShareSDKFlatShareViewUI.bundle; sourceTree = "<group>"; };
		C3CCA5901AE4923F005F04E1 /* ShareSDKFlatShareViewUI.framework */ = {isa = PBXFileReference; lastKnownFileType = wrapper.framework; path = ShareSDKFlatShareViewUI.framework; sourceTree = "<group>"; };
		C3CCA5911AE4923F005F04E1 /* ShareSDKShareActionSheet.framework */ = {isa = PBXFileReference; lastKnownFileType = wrapper.framework; path = ShareSDKShareActionSheet.framework; sourceTree = "<group>"; };
		C3CCA5AA1AE492B6005F04E1 /* SystemConfiguration.framework */ = {isa = PBXFileReference; lastKnownFileType = wrapper.framework; name = SystemConfiguration.framework; path = System/Library/Frameworks/SystemConfiguration.framework; sourceTree = SDKROOT; };
		C3CCA5AC1AE492C1005F04E1 /* QuartzCore.framework */ = {isa = PBXFileReference; lastKnownFileType = wrapper.framework; name = QuartzCore.framework; path = System/Library/Frameworks/QuartzCore.framework; sourceTree = SDKROOT; };
		C3CCA5AE1AE492D2005F04E1 /* CoreTelephony.framework */ = {isa = PBXFileReference; lastKnownFileType = wrapper.framework; name = CoreTelephony.framework; path = System/Library/Frameworks/CoreTelephony.framework; sourceTree = SDKROOT; };
		C3CCA5B01AE492E2005F04E1 /* libicucore.dylib */ = {isa = PBXFileReference; lastKnownFileType = "compiled.mach-o.dylib"; name = libicucore.dylib; path = usr/lib/libicucore.dylib; sourceTree = SDKROOT; };
		C3CCA5B21AE492F4005F04E1 /* libz.1.2.5.dylib */ = {isa = PBXFileReference; lastKnownFileType = "compiled.mach-o.dylib"; name = libz.1.2.5.dylib; path = usr/lib/libz.1.2.5.dylib; sourceTree = SDKROOT; };
		C3CCA5B41AE49302005F04E1 /* Security.framework */ = {isa = PBXFileReference; lastKnownFileType = wrapper.framework; name = Security.framework; path = System/Library/Frameworks/Security.framework; sourceTree = SDKROOT; };
		C3CCA5B61AE49338005F04E1 /* ImageIO.framework */ = {isa = PBXFileReference; lastKnownFileType = wrapper.framework; name = ImageIO.framework; path = System/Library/Frameworks/ImageIO.framework; sourceTree = SDKROOT; };
		C3CCA5B81AE4934D005F04E1 /* Social.framework */ = {isa = PBXFileReference; lastKnownFileType = wrapper.framework; name = Social.framework; path = System/Library/Frameworks/Social.framework; sourceTree = SDKROOT; };
		C3CCA5BA1AE49358005F04E1 /* Accounts.framework */ = {isa = PBXFileReference; lastKnownFileType = wrapper.framework; name = Accounts.framework; path = System/Library/Frameworks/Accounts.framework; sourceTree = SDKROOT; };
		C3CCA5BC1AE49366005F04E1 /* MessageUI.framework */ = {isa = PBXFileReference; lastKnownFileType = wrapper.framework; name = MessageUI.framework; path = System/Library/Frameworks/MessageUI.framework; sourceTree = SDKROOT; };
		C3CCA5BE1AE49378005F04E1 /* libstdc++.dylib */ = {isa = PBXFileReference; lastKnownFileType = "compiled.mach-o.dylib"; name = "libstdc++.dylib"; path = "usr/lib/libstdc++.dylib"; sourceTree = SDKROOT; };
		C3CCA5C01AE49383005F04E1 /* libsqlite3.dylib */ = {isa = PBXFileReference; lastKnownFileType = "compiled.mach-o.dylib"; name = libsqlite3.dylib; path = usr/lib/libsqlite3.dylib; sourceTree = SDKROOT; };
		D38E1A000D88828E7FE53991 /* Pods.debug.xcconfig */ = {isa = PBXFileReference; includeInIndex = 1; lastKnownFileType = text.xcconfig; name = Pods.debug.xcconfig; path = "Pods/Target Support Files/Pods/Pods.debug.xcconfig"; sourceTree = "<group>"; };
/* End PBXFileReference section */

/* Begin PBXFrameworksBuildPhase section */
		01AB00C41ADBAF1E00D37D63 /* Frameworks */ = {
			isa = PBXFrameworksBuildPhase;
			buildActionMask = 2147483647;
			files = (
				C3CCA5C11AE49383005F04E1 /* libsqlite3.dylib in Frameworks */,
				C3CCA5BF1AE49378005F04E1 /* libstdc++.dylib in Frameworks */,
				C3CCA5BD1AE49366005F04E1 /* MessageUI.framework in Frameworks */,
				C3CCA5BB1AE49358005F04E1 /* Accounts.framework in Frameworks */,
				C3CCA5B91AE4934D005F04E1 /* Social.framework in Frameworks */,
				C3CCA5B71AE49338005F04E1 /* ImageIO.framework in Frameworks */,
				C3CCA5B51AE49302005F04E1 /* Security.framework in Frameworks */,
				C3CCA5B31AE492F4005F04E1 /* libz.1.2.5.dylib in Frameworks */,
				C3CCA5B11AE492E2005F04E1 /* libicucore.dylib in Frameworks */,
				C3CCA5AF1AE492D2005F04E1 /* CoreTelephony.framework in Frameworks */,
				C3CCA5AD1AE492C1005F04E1 /* QuartzCore.framework in Frameworks */,
				C3CCA5AB1AE492B6005F04E1 /* SystemConfiguration.framework in Frameworks */,
				D4871C0E7E10BFF6868AEF92 /* libPods.a in Frameworks */,
				C3CCA59E1AE4923F005F04E1 /* TencentOpenAPI.framework in Frameworks */,
				C3CCA5A51AE4923F005F04E1 /* libWeChatSDK.a in Frameworks */,
				C3CCA5A81AE4923F005F04E1 /* ShareSDKFlatShareViewUI.framework in Frameworks */,
				C3CCA59A1AE4923F005F04E1 /* AGCommon.framework in Frameworks */,
				C3CCA5A61AE4923F005F04E1 /* ShareSDK.framework in Frameworks */,
				C3CCA5A21AE4923F005F04E1 /* libWeiboSDK.a in Frameworks */,
				C3CCA5951AE4923F005F04E1 /* RenRenConnection.framework in Frameworks */,
				C3CCA5931AE4923F005F04E1 /* QQConnection.framework in Frameworks */,
				C3CCA59D1AE4923F005F04E1 /* ShareSDKCoreService.framework in Frameworks */,
				C3CCA5971AE4923F005F04E1 /* SMSConnection.framework in Frameworks */,
				C3CCA5A91AE4923F005F04E1 /* ShareSDKShareActionSheet.framework in Frameworks */,
				C3CCA5941AE4923F005F04E1 /* QZoneConnection.framework in Frameworks */,
				C3CCA5961AE4923F005F04E1 /* SinaWeiboConnection.framework in Frameworks */,
				C3CCA5981AE4923F005F04E1 /* TencentWeiboConnection.framework in Frameworks */,
				C3CCA5921AE4923F005F04E1 /* MailConnection.framework in Frameworks */,
				C3CCA5A41AE4923F005F04E1 /* libTCWeiboSDK.a in Frameworks */,
				C3CCA5A11AE4923F005F04E1 /* RennSDK.framework in Frameworks */,
				C3CCA5991AE4923F005F04E1 /* WeChatConnection.framework in Frameworks */,
			);
			runOnlyForDeploymentPostprocessing = 0;
		};
		01AB00E01ADBAF1E00D37D63 /* Frameworks */ = {
			isa = PBXFrameworksBuildPhase;
			buildActionMask = 2147483647;
			files = (
			);
			runOnlyForDeploymentPostprocessing = 0;
		};
/* End PBXFrameworksBuildPhase section */

/* Begin PBXGroup section */
		014FE73A1ADE45E70082167F /* Utils */ = {
			isa = PBXGroup;
			children = (
				C33DFFA71ADD174200233DF2 /* UIDefine.h */,
			);
			name = Utils;
			sourceTree = "<group>";
		};
		01AB00BE1ADBAF1E00D37D63 = {
			isa = PBXGroup;
			children = (
				C3CCA5691AE4923F005F04E1 /* ShareSDK */,
				01AB00C91ADBAF1E00D37D63 /* Ocean */,
				01AB00E61ADBAF1E00D37D63 /* OceanTests */,
				01AB00C81ADBAF1E00D37D63 /* Products */,
				8242D1E8419F5578925929D1 /* Pods */,
				326C088FFA421475664F50B3 /* Frameworks */,
			);
			sourceTree = "<group>";
		};
		01AB00C81ADBAF1E00D37D63 /* Products */ = {
			isa = PBXGroup;
			children = (
				01AB00C71ADBAF1E00D37D63 /* Ocean.app */,
				01AB00E31ADBAF1E00D37D63 /* OceanTests.xctest */,
			);
			name = Products;
			sourceTree = "<group>";
		};
		01AB00C91ADBAF1E00D37D63 /* Ocean */ = {
			isa = PBXGroup;
			children = (
				014FE73A1ADE45E70082167F /* Utils */,
				C3C1AAC21ADDECDD00BE329D /* Login */,
				C33DFFA11ADD151E00233DF2 /* Basic */,
				01C816F31ADD184D00AE2871 /* User */,
				C33DFF9E1ADD146C00233DF2 /* Game */,
				C33DFF9F1ADD14AB00233DF2 /* Activity */,
				C33DFFA01ADD14D700233DF2 /* Community */,
				01AB00CE1ADBAF1E00D37D63 /* AppDelegate.h */,
				01AB00CF1ADBAF1E00D37D63 /* AppDelegate.m */,
				01AB00D71ADBAF1E00D37D63 /* Main.storyboard */,
				01AB00DA1ADBAF1E00D37D63 /* Images.xcassets */,
				01AB00D11ADBAF1E00D37D63 /* Ocean.xcdatamodeld */,
				01AB00CA1ADBAF1E00D37D63 /* Supporting Files */,
			);
			path = Ocean;
			sourceTree = "<group>";
		};
		01AB00CA1ADBAF1E00D37D63 /* Supporting Files */ = {
			isa = PBXGroup;
			children = (
				01AB00CB1ADBAF1E00D37D63 /* Info.plist */,
				01AB00CC1ADBAF1E00D37D63 /* main.m */,
			);
			name = "Supporting Files";
			sourceTree = "<group>";
		};
		01AB00E61ADBAF1E00D37D63 /* OceanTests */ = {
			isa = PBXGroup;
			children = (
				01AB00E91ADBAF1E00D37D63 /* OceanTests.m */,
				01AB00E71ADBAF1E00D37D63 /* Supporting Files */,
			);
			path = OceanTests;
			sourceTree = "<group>";
		};
		01AB00E71ADBAF1E00D37D63 /* Supporting Files */ = {
			isa = PBXGroup;
			children = (
				01AB00E81ADBAF1E00D37D63 /* Info.plist */,
			);
			name = "Supporting Files";
			sourceTree = "<group>";
		};
		01C816F31ADD184D00AE2871 /* User */ = {
			isa = PBXGroup;
			children = (
				C3C64A7F1ADFD12F005BF4CF /* GuanYuAHYViewController.h */,
				C3C64A801ADFD12F005BF4CF /* GuanYuAHYViewController.m */,
				C3C64A811ADFD12F005BF4CF /* GyahyCell.h */,
				C3C64A821ADFD12F005BF4CF /* GyahyCell.m */,
				C3C64A831ADFD12F005BF4CF /* GyahyCell.xib */,
				01F430EB1ADBEBCB0034BC72 /* UserViewController.h */,
				01F430EC1ADBEBCB0034BC72 /* UserViewController.m */,
				C37FEF3B1ADF49CE005D5B32 /* MyCell.h */,
				C37FEF3C1ADF49CE005D5B32 /* MyCell.m */,
				C37FEF3D1ADF49CE005D5B32 /* MyCell.xib */,
			);
			name = User;
			sourceTree = "<group>";
		};
		326C088FFA421475664F50B3 /* Frameworks */ = {
			isa = PBXGroup;
			children = (
				C3CCA5C01AE49383005F04E1 /* libsqlite3.dylib */,
				C3CCA5BE1AE49378005F04E1 /* libstdc++.dylib */,
				C3CCA5BC1AE49366005F04E1 /* MessageUI.framework */,
				C3CCA5BA1AE49358005F04E1 /* Accounts.framework */,
				C3CCA5B81AE4934D005F04E1 /* Social.framework */,
				C3CCA5B61AE49338005F04E1 /* ImageIO.framework */,
				C3CCA5B41AE49302005F04E1 /* Security.framework */,
				C3CCA5B21AE492F4005F04E1 /* libz.1.2.5.dylib */,
				C3CCA5B01AE492E2005F04E1 /* libicucore.dylib */,
				C3CCA5AE1AE492D2005F04E1 /* CoreTelephony.framework */,
				C3CCA5AC1AE492C1005F04E1 /* QuartzCore.framework */,
				C3CCA5AA1AE492B6005F04E1 /* SystemConfiguration.framework */,
				781783F52B5E0D72B1450935 /* libPods.a */,
			);
			name = Frameworks;
			sourceTree = "<group>";
		};
		8242D1E8419F5578925929D1 /* Pods */ = {
			isa = PBXGroup;
			children = (
				014802031AE0A7F700BD89E7 /* BGRadioView.h */,
				014802041AE0A7F700BD89E7 /* BGRadioView.m */,
				C3C1AB061ADE586100BE329D /* CCSegmentedControl.h */,
				C3C1AB071ADE586100BE329D /* CCSegmentedControl.m */,
				D38E1A000D88828E7FE53991 /* Pods.debug.xcconfig */,
				5E9BFA46BF86030F8D7AEA65 /* Pods.release.xcconfig */,
			);
			name = Pods;
			sourceTree = "<group>";
		};
		C33DFF9E1ADD146C00233DF2 /* Game */ = {
			isa = PBXGroup;
			children = (
				C33DFFA21ADD15FD00233DF2 /* YouXiCell.h */,
				C33DFFA31ADD15FD00233DF2 /* YouXiCell.m */,
				C33DFFA41ADD15FD00233DF2 /* YouXiCell.xib */,
				01F430E21ADBE7C10034BC72 /* GameViewController.h */,
				01F430E31ADBE7C10034BC72 /* GameViewController.m */,
			);
			name = Game;
			sourceTree = "<group>";
		};
		C33DFF9F1ADD14AB00233DF2 /* Activity */ = {
			isa = PBXGroup;
			children = (
				01F430E51ADBE88E0034BC72 /* ActivityViewController.h */,
				01F430E61ADBE88E0034BC72 /* ActivityViewController.m */,
				C3C1AB091ADE67FB00BE329D /* ShouYouViewController.h */,
				C3C1AB0A1ADE67FB00BE329D /* ShouYouViewController.m */,
				C3C1AB0C1ADE680A00BE329D /* ShanghuViewController.h */,
				C3C1AB0D1ADE680A00BE329D /* ShanghuViewController.m */,
				C3C1AB0F1ADE681800BE329D /* ZhiShiViewController.h */,
				C3C1AB101ADE681800BE329D /* ZhiShiViewController.m */,
				017502971AE0B22C0002E7A5 /* TimuViewController.h */,
				017502981AE0B22C0002E7A5 /* TimuViewController.m */,
				0175029A1AE0D8870002E7A5 /* FenshuViewController.h */,
				0175029B1AE0D8870002E7A5 /* FenshuViewController.m */,
			);
			name = Activity;
			sourceTree = "<group>";
		};
		C33DFFA01ADD14D700233DF2 /* Community */ = {
			isa = PBXGroup;
			children = (
				01F430E81ADBEA2B0034BC72 /* CommunityViewController.h */,
				01F430E91ADBEA2B0034BC72 /* CommunityViewController.m */,
				01471A871ADF403C0001B2FD /* PostListViewController.h */,
				01471A881ADF403C0001B2FD /* PostListViewController.m */,
				01471A811ADF3FA10001B2FD /* PostDetailViewController.h */,
				01471A821ADF3FA10001B2FD /* PostDetailViewController.m */,
			);
			name = Community;
			path = ..;
			sourceTree = "<group>";
		};
		C33DFFA11ADD151E00233DF2 /* Basic */ = {
			isa = PBXGroup;
			children = (
				01AB00D41ADBAF1E00D37D63 /* RootViewController.h */,
				01AB00D51ADBAF1E00D37D63 /* RootViewController.m */,
				01F430D61ADBBC250034BC72 /* NavigationController.h */,
				01F430D71ADBBC250034BC72 /* NavigationController.m */,
				01F430D91ADBBCC40034BC72 /* MenuViewController.h */,
				01F430DA1ADBBCC40034BC72 /* MenuViewController.m */,
			);
			name = Basic;
			sourceTree = "<group>";
		};
		C3C1AAC21ADDECDD00BE329D /* Login */ = {
			isa = PBXGroup;
			children = (
				C3CA93381AE0B8AC00911A49 /* ShouJiViewController.h */,
				C3CA93391AE0B8AC00911A49 /* ShouJiViewController.m */,
				C3CA933A1AE0B8AC00911A49 /* ZhuCeViewController.h */,
				C3CA933B1AE0B8AC00911A49 /* ZhuCeViewController.m */,
				C3CA933C1AE0B8AC00911A49 /* ZhuCeViewController.xib */,
				C3C1AAC31ADDEEEA00BE329D /* LoginViewController.h */,
				C3C1AAC41ADDEEEA00BE329D /* LoginViewController.m */,
				014FE73B1ADE48190082167F /* EntryViewController.h */,
				014FE73C1ADE48190082167F /* EntryViewController.m */,
			);
			name = Login;
			sourceTree = "<group>";
		};
		C3CCA5691AE4923F005F04E1 /* ShareSDK */ = {
			isa = PBXGroup;
			children = (
				C3CCA56A1AE4923F005F04E1 /* Connection */,
				C3CCA5731AE4923F005F04E1 /* Core */,
				C3CCA57A1AE4923F005F04E1 /* Extend */,
				C3CCA58D1AE4923F005F04E1 /* ShareSDK.framework */,
				C3CCA58E1AE4923F005F04E1 /* UI */,
			);
			path = ShareSDK;
			sourceTree = "<group>";
		};
		C3CCA56A1AE4923F005F04E1 /* Connection */ = {
			isa = PBXGroup;
			children = (
				C3CCA56B1AE4923F005F04E1 /* MailConnection.framework */,
				C3CCA56C1AE4923F005F04E1 /* QQConnection.framework */,
				C3CCA56D1AE4923F005F04E1 /* QZoneConnection.framework */,
				C3CCA56E1AE4923F005F04E1 /* RenRenConnection.framework */,
				C3CCA56F1AE4923F005F04E1 /* SinaWeiboConnection.framework */,
				C3CCA5701AE4923F005F04E1 /* SMSConnection.framework */,
				C3CCA5711AE4923F005F04E1 /* TencentWeiboConnection.framework */,
				C3CCA5721AE4923F005F04E1 /* WeChatConnection.framework */,
			);
			path = Connection;
			sourceTree = "<group>";
		};
		C3CCA5731AE4923F005F04E1 /* Core */ = {
			isa = PBXGroup;
			children = (
				C3CCA5741AE4923F005F04E1 /* AGCommon.framework */,
				C3CCA5751AE4923F005F04E1 /* ShareSDKLocalizable.strings */,
				C3CCA5771AE4923F005F04E1 /* Resource.bundle */,
				C3CCA5781AE4923F005F04E1 /* ShareSDKCoreService.framework */,
			);
			path = Core;
			sourceTree = "<group>";
		};
		C3CCA57A1AE4923F005F04E1 /* Extend */ = {
			isa = PBXGroup;
			children = (
				C3CCA57B1AE4923F005F04E1 /* QQConnectSDK */,
				C3CCA57E1AE4923F005F04E1 /* RenRenSDK */,
				C3CCA5811AE4923F005F04E1 /* SinaWeiboSDK */,
				C3CCA5851AE4923F005F04E1 /* TencentWeiboSDK */,
				C3CCA5891AE4923F005F04E1 /* WeChatSDK */,
			);
			path = Extend;
			sourceTree = "<group>";
		};
		C3CCA57B1AE4923F005F04E1 /* QQConnectSDK */ = {
			isa = PBXGroup;
			children = (
				C3CCA57C1AE4923F005F04E1 /* TencentOpenAPI.framework */,
				C3CCA57D1AE4923F005F04E1 /* TencentOpenApi_IOS_Bundle.bundle */,
			);
			path = QQConnectSDK;
			sourceTree = "<group>";
		};
		C3CCA57E1AE4923F005F04E1 /* RenRenSDK */ = {
			isa = PBXGroup;
			children = (
				C3CCA57F1AE4923F005F04E1 /* RennSDK.bundle */,
				C3CCA5801AE4923F005F04E1 /* RennSDK.framework */,
			);
			path = RenRenSDK;
			sourceTree = "<group>";
		};
		C3CCA5811AE4923F005F04E1 /* SinaWeiboSDK */ = {
			isa = PBXGroup;
			children = (
				C3CCA5821AE4923F005F04E1 /* libWeiboSDK.a */,
				C3CCA5831AE4923F005F04E1 /* WeiboSDK.bundle */,
				C3CCA5841AE4923F005F04E1 /* WeiboSDK.h */,
			);
			path = SinaWeiboSDK;
			sourceTree = "<group>";
		};
		C3CCA5851AE4923F005F04E1 /* TencentWeiboSDK */ = {
			isa = PBXGroup;
			children = (
				C3CCA5861AE4923F005F04E1 /* libTCWeiboSDK.a */,
				C3CCA5871AE4923F005F04E1 /* WeiboApi.h */,
				C3CCA5881AE4923F005F04E1 /* WeiboApiObject.h */,
			);
			path = TencentWeiboSDK;
			sourceTree = "<group>";
		};
		C3CCA5891AE4923F005F04E1 /* WeChatSDK */ = {
			isa = PBXGroup;
			children = (
				C3CCA58A1AE4923F005F04E1 /* libWeChatSDK.a */,
				C3CCA58B1AE4923F005F04E1 /* WXApi.h */,
				C3CCA58C1AE4923F005F04E1 /* WXApiObject.h */,
			);
			path = WeChatSDK;
			sourceTree = "<group>";
		};
		C3CCA58E1AE4923F005F04E1 /* UI */ = {
			isa = PBXGroup;
			children = (
				C3CCA58F1AE4923F005F04E1 /* ShareSDKFlatShareViewUI.bundle */,
				C3CCA5901AE4923F005F04E1 /* ShareSDKFlatShareViewUI.framework */,
				C3CCA5911AE4923F005F04E1 /* ShareSDKShareActionSheet.framework */,
			);
			path = UI;
			sourceTree = "<group>";
		};
/* End PBXGroup section */

/* Begin PBXNativeTarget section */
		01AB00C61ADBAF1E00D37D63 /* Ocean */ = {
			isa = PBXNativeTarget;
			buildConfigurationList = 01AB00ED1ADBAF1E00D37D63 /* Build configuration list for PBXNativeTarget "Ocean" */;
			buildPhases = (
				ED2B1138F5F6425D603440AC /* Check Pods Manifest.lock */,
				01AB00C31ADBAF1E00D37D63 /* Sources */,
				01AB00C41ADBAF1E00D37D63 /* Frameworks */,
				01AB00C51ADBAF1E00D37D63 /* Resources */,
				E6C5417E46B6E3C97C51B4FF /* Copy Pods Resources */,
			);
			buildRules = (
			);
			dependencies = (
			);
			name = Ocean;
			productName = Ocean;
			productReference = 01AB00C71ADBAF1E00D37D63 /* Ocean.app */;
			productType = "com.apple.product-type.application";
		};
		01AB00E21ADBAF1E00D37D63 /* OceanTests */ = {
			isa = PBXNativeTarget;
			buildConfigurationList = 01AB00F01ADBAF1E00D37D63 /* Build configuration list for PBXNativeTarget "OceanTests" */;
			buildPhases = (
				01AB00DF1ADBAF1E00D37D63 /* Sources */,
				01AB00E01ADBAF1E00D37D63 /* Frameworks */,
				01AB00E11ADBAF1E00D37D63 /* Resources */,
			);
			buildRules = (
			);
			dependencies = (
				01AB00E51ADBAF1E00D37D63 /* PBXTargetDependency */,
			);
			name = OceanTests;
			productName = OceanTests;
			productReference = 01AB00E31ADBAF1E00D37D63 /* OceanTests.xctest */;
			productType = "com.apple.product-type.bundle.unit-test";
		};
/* End PBXNativeTarget section */

/* Begin PBXProject section */
		01AB00BF1ADBAF1E00D37D63 /* Project object */ = {
			isa = PBXProject;
			attributes = {
				LastUpgradeCheck = 0630;
				ORGANIZATIONNAME = xyzx5u;
				TargetAttributes = {
					01AB00C61ADBAF1E00D37D63 = {
						CreatedOnToolsVersion = 6.3;
					};
					01AB00E21ADBAF1E00D37D63 = {
						CreatedOnToolsVersion = 6.3;
						TestTargetID = 01AB00C61ADBAF1E00D37D63;
					};
				};
			};
			buildConfigurationList = 01AB00C21ADBAF1E00D37D63 /* Build configuration list for PBXProject "Ocean" */;
			compatibilityVersion = "Xcode 3.2";
			developmentRegion = English;
			hasScannedForEncodings = 0;
			knownRegions = (
				en,
				Base,
				"zh-Hans",
			);
			mainGroup = 01AB00BE1ADBAF1E00D37D63;
			productRefGroup = 01AB00C81ADBAF1E00D37D63 /* Products */;
			projectDirPath = "";
			projectRoot = "";
			targets = (
				01AB00C61ADBAF1E00D37D63 /* Ocean */,
				01AB00E21ADBAF1E00D37D63 /* OceanTests */,
			);
		};
/* End PBXProject section */

/* Begin PBXResourcesBuildPhase section */
		01AB00C51ADBAF1E00D37D63 /* Resources */ = {
			isa = PBXResourcesBuildPhase;
			buildActionMask = 2147483647;
			files = (
				C33DFFA61ADD15FD00233DF2 /* YouXiCell.xib in Resources */,
				01AB00D91ADBAF1E00D37D63 /* Main.storyboard in Resources */,
				C3C64A861ADFD12F005BF4CF /* GyahyCell.xib in Resources */,
				C3CA933F1AE0B8AC00911A49 /* ZhuCeViewController.xib in Resources */,
				01AB00DB1ADBAF1E00D37D63 /* Images.xcassets in Resources */,
				C3CCA5A01AE4923F005F04E1 /* RennSDK.bundle in Resources */,
				C37FEF3F1ADF49CE005D5B32 /* MyCell.xib in Resources */,
				C3CCA59F1AE4923F005F04E1 /* TencentOpenApi_IOS_Bundle.bundle in Resources */,
				C3CCA5A31AE4923F005F04E1 /* WeiboSDK.bundle in Resources */,
				C3CCA59B1AE4923F005F04E1 /* ShareSDKLocalizable.strings in Resources */,
				C3CCA5A71AE4923F005F04E1 /* ShareSDKFlatShareViewUI.bundle in Resources */,
				C3CCA59C1AE4923F005F04E1 /* Resource.bundle in Resources */,
			);
			runOnlyForDeploymentPostprocessing = 0;
		};
		01AB00E11ADBAF1E00D37D63 /* Resources */ = {
			isa = PBXResourcesBuildPhase;
			buildActionMask = 2147483647;
			files = (
			);
			runOnlyForDeploymentPostprocessing = 0;
		};
/* End PBXResourcesBuildPhase section */

/* Begin PBXShellScriptBuildPhase section */
		E6C5417E46B6E3C97C51B4FF /* Copy Pods Resources */ = {
			isa = PBXShellScriptBuildPhase;
			buildActionMask = 2147483647;
			files = (
			);
			inputPaths = (
			);
			name = "Copy Pods Resources";
			outputPaths = (
			);
			runOnlyForDeploymentPostprocessing = 0;
			shellPath = /bin/sh;
			shellScript = "\"${SRCROOT}/Pods/Target Support Files/Pods/Pods-resources.sh\"\n";
			showEnvVarsInLog = 0;
		};
		ED2B1138F5F6425D603440AC /* Check Pods Manifest.lock */ = {
			isa = PBXShellScriptBuildPhase;
			buildActionMask = 2147483647;
			files = (
			);
			inputPaths = (
			);
			name = "Check Pods Manifest.lock";
			outputPaths = (
			);
			runOnlyForDeploymentPostprocessing = 0;
			shellPath = /bin/sh;
			shellScript = "diff \"${PODS_ROOT}/../Podfile.lock\" \"${PODS_ROOT}/Manifest.lock\" > /dev/null\nif [[ $? != 0 ]] ; then\n    cat << EOM\nerror: The sandbox is not in sync with the Podfile.lock. Run 'pod install' or update your CocoaPods installation.\nEOM\n    exit 1\nfi\n";
			showEnvVarsInLog = 0;
		};
/* End PBXShellScriptBuildPhase section */

/* Begin PBXSourcesBuildPhase section */
		01AB00C31ADBAF1E00D37D63 /* Sources */ = {
			isa = PBXSourcesBuildPhase;
			buildActionMask = 2147483647;
			files = (
				C3C64A851ADFD12F005BF4CF /* GyahyCell.m in Sources */,
				01F430E41ADBE7C10034BC72 /* GameViewController.m in Sources */,
				C3CA933D1AE0B8AC00911A49 /* ShouJiViewController.m in Sources */,
				01F430DB1ADBBCC40034BC72 /* MenuViewController.m in Sources */,
				01AB00D01ADBAF1E00D37D63 /* AppDelegate.m in Sources */,
				01F430EA1ADBEA2B0034BC72 /* CommunityViewController.m in Sources */,
				01AB00CD1ADBAF1E00D37D63 /* main.m in Sources */,
				014802051AE0A7F700BD89E7 /* BGRadioView.m in Sources */,
				01F430D81ADBBC250034BC72 /* NavigationController.m in Sources */,
				C33DFFA51ADD15FD00233DF2 /* YouXiCell.m in Sources */,
				01AB00D61ADBAF1E00D37D63 /* RootViewController.m in Sources */,
				C3C1AAC51ADDEEEA00BE329D /* LoginViewController.m in Sources */,
				01471A831ADF3FA10001B2FD /* PostDetailViewController.m in Sources */,
				0175029C1AE0D8870002E7A5 /* FenshuViewController.m in Sources */,
				C3C1AB0B1ADE67FB00BE329D /* ShouYouViewController.m in Sources */,
				017502991AE0B22C0002E7A5 /* TimuViewController.m in Sources */,
				01F430ED1ADBEBCB0034BC72 /* UserViewController.m in Sources */,
				C3C1AB111ADE681800BE329D /* ZhiShiViewController.m in Sources */,
				C37FEF3E1ADF49CE005D5B32 /* MyCell.m in Sources */,
				01471A891ADF403C0001B2FD /* PostListViewController.m in Sources */,
				01AB00D31ADBAF1E00D37D63 /* Ocean.xcdatamodeld in Sources */,
				C3CA933E1AE0B8AC00911A49 /* ZhuCeViewController.m in Sources */,
				01F430E71ADBE88E0034BC72 /* ActivityViewController.m in Sources */,
				C3C1AB081ADE586100BE329D /* CCSegmentedControl.m in Sources */,
				014FE73D1ADE48190082167F /* EntryViewController.m in Sources */,
				C3C64A841ADFD12F005BF4CF /* GuanYuAHYViewController.m in Sources */,
				C3C1AB0E1ADE680A00BE329D /* ShanghuViewController.m in Sources */,
			);
			runOnlyForDeploymentPostprocessing = 0;
		};
		01AB00DF1ADBAF1E00D37D63 /* Sources */ = {
			isa = PBXSourcesBuildPhase;
			buildActionMask = 2147483647;
			files = (
				01AB00EA1ADBAF1E00D37D63 /* OceanTests.m in Sources */,
			);
			runOnlyForDeploymentPostprocessing = 0;
		};
/* End PBXSourcesBuildPhase section */

/* Begin PBXTargetDependency section */
		01AB00E51ADBAF1E00D37D63 /* PBXTargetDependency */ = {
			isa = PBXTargetDependency;
			target = 01AB00C61ADBAF1E00D37D63 /* Ocean */;
			targetProxy = 01AB00E41ADBAF1E00D37D63 /* PBXContainerItemProxy */;
		};
/* End PBXTargetDependency section */

/* Begin PBXVariantGroup section */
		01AB00D71ADBAF1E00D37D63 /* Main.storyboard */ = {
			isa = PBXVariantGroup;
			children = (
				01AB00D81ADBAF1E00D37D63 /* Base */,
			);
			name = Main.storyboard;
			sourceTree = "<group>";
		};
		C3CCA5751AE4923F005F04E1 /* ShareSDKLocalizable.strings */ = {
			isa = PBXVariantGroup;
			children = (
				C3CCA5761AE4923F005F04E1 /* en */,
				C3CCA5791AE4923F005F04E1 /* zh-Hans */,
			);
			name = ShareSDKLocalizable.strings;
			sourceTree = "<group>";
		};
/* End PBXVariantGroup section */

/* Begin XCBuildConfiguration section */
		01AB00EB1ADBAF1E00D37D63 /* Debug */ = {
			isa = XCBuildConfiguration;
			buildSettings = {
				ALWAYS_SEARCH_USER_PATHS = NO;
				CLANG_CXX_LANGUAGE_STANDARD = "gnu++0x";
				CLANG_CXX_LIBRARY = "libc++";
				CLANG_ENABLE_MODULES = YES;
				CLANG_ENABLE_OBJC_ARC = YES;
				CLANG_WARN_BOOL_CONVERSION = YES;
				CLANG_WARN_CONSTANT_CONVERSION = YES;
				CLANG_WARN_DIRECT_OBJC_ISA_USAGE = YES_ERROR;
				CLANG_WARN_EMPTY_BODY = YES;
				CLANG_WARN_ENUM_CONVERSION = YES;
				CLANG_WARN_INT_CONVERSION = YES;
				CLANG_WARN_OBJC_ROOT_CLASS = YES_ERROR;
				CLANG_WARN_UNREACHABLE_CODE = YES;
				CLANG_WARN__DUPLICATE_METHOD_MATCH = YES;
				"CODE_SIGN_IDENTITY[sdk=iphoneos*]" = "iPhone Developer";
				COPY_PHASE_STRIP = NO;
				DEBUG_INFORMATION_FORMAT = "dwarf-with-dsym";
				ENABLE_STRICT_OBJC_MSGSEND = YES;
				GCC_C_LANGUAGE_STANDARD = gnu99;
				GCC_DYNAMIC_NO_PIC = NO;
				GCC_NO_COMMON_BLOCKS = YES;
				GCC_OPTIMIZATION_LEVEL = 0;
				GCC_PREPROCESSOR_DEFINITIONS = (
					"DEBUG=1",
					"$(inherited)",
				);
				GCC_SYMBOLS_PRIVATE_EXTERN = NO;
				GCC_WARN_64_TO_32_BIT_CONVERSION = YES;
				GCC_WARN_ABOUT_RETURN_TYPE = YES_ERROR;
				GCC_WARN_UNDECLARED_SELECTOR = YES;
				GCC_WARN_UNINITIALIZED_AUTOS = YES_AGGRESSIVE;
				GCC_WARN_UNUSED_FUNCTION = YES;
				GCC_WARN_UNUSED_VARIABLE = YES;
				IPHONEOS_DEPLOYMENT_TARGET = 8.3;
				MTL_ENABLE_DEBUG_INFO = YES;
				ONLY_ACTIVE_ARCH = YES;
				SDKROOT = iphoneos;
			};
			name = Debug;
		};
		01AB00EC1ADBAF1E00D37D63 /* Release */ = {
			isa = XCBuildConfiguration;
			buildSettings = {
				ALWAYS_SEARCH_USER_PATHS = NO;
				CLANG_CXX_LANGUAGE_STANDARD = "gnu++0x";
				CLANG_CXX_LIBRARY = "libc++";
				CLANG_ENABLE_MODULES = YES;
				CLANG_ENABLE_OBJC_ARC = YES;
				CLANG_WARN_BOOL_CONVERSION = YES;
				CLANG_WARN_CONSTANT_CONVERSION = YES;
				CLANG_WARN_DIRECT_OBJC_ISA_USAGE = YES_ERROR;
				CLANG_WARN_EMPTY_BODY = YES;
				CLANG_WARN_ENUM_CONVERSION = YES;
				CLANG_WARN_INT_CONVERSION = YES;
				CLANG_WARN_OBJC_ROOT_CLASS = YES_ERROR;
				CLANG_WARN_UNREACHABLE_CODE = YES;
				CLANG_WARN__DUPLICATE_METHOD_MATCH = YES;
				"CODE_SIGN_IDENTITY[sdk=iphoneos*]" = "iPhone Developer";
				COPY_PHASE_STRIP = NO;
				DEBUG_INFORMATION_FORMAT = "dwarf-with-dsym";
				ENABLE_NS_ASSERTIONS = NO;
				ENABLE_STRICT_OBJC_MSGSEND = YES;
				GCC_C_LANGUAGE_STANDARD = gnu99;
				GCC_NO_COMMON_BLOCKS = YES;
				GCC_WARN_64_TO_32_BIT_CONVERSION = YES;
				GCC_WARN_ABOUT_RETURN_TYPE = YES_ERROR;
				GCC_WARN_UNDECLARED_SELECTOR = YES;
				GCC_WARN_UNINITIALIZED_AUTOS = YES_AGGRESSIVE;
				GCC_WARN_UNUSED_FUNCTION = YES;
				GCC_WARN_UNUSED_VARIABLE = YES;
				IPHONEOS_DEPLOYMENT_TARGET = 8.3;
				MTL_ENABLE_DEBUG_INFO = NO;
				SDKROOT = iphoneos;
				VALIDATE_PRODUCT = YES;
			};
			name = Release;
		};
		01AB00EE1ADBAF1E00D37D63 /* Debug */ = {
			isa = XCBuildConfiguration;
			baseConfigurationReference = D38E1A000D88828E7FE53991 /* Pods.debug.xcconfig */;
			buildSettings = {
				ASSETCATALOG_COMPILER_APPICON_NAME = AppIcon;
				ASSETCATALOG_COMPILER_LAUNCHIMAGE_NAME = LaunchImage;
				FRAMEWORK_SEARCH_PATHS = (
					"$(inherited)",
					"$(PROJECT_DIR)/ShareSDK/Connection",
					"$(PROJECT_DIR)/ShareSDK/Core",
					"$(PROJECT_DIR)/ShareSDK/Extend/QQConnectSDK",
					"$(PROJECT_DIR)/ShareSDK/Extend/RenRenSDK",
					"$(PROJECT_DIR)/ShareSDK",
					"$(PROJECT_DIR)/ShareSDK/UI",
				);
				INFOPLIST_FILE = Ocean/Info.plist;
				IPHONEOS_DEPLOYMENT_TARGET = 7.0;
				LD_RUNPATH_SEARCH_PATHS = "$(inherited) @executable_path/Frameworks";
				LIBRARY_SEARCH_PATHS = (
					"$(inherited)",
					"$(PROJECT_DIR)/ShareSDK/Extend/SinaWeiboSDK",
					"$(PROJECT_DIR)/ShareSDK/Extend/TencentWeiboSDK",
					"$(PROJECT_DIR)/ShareSDK/Extend/WeChatSDK",
				);
				PRODUCT_NAME = "$(TARGET_NAME)";
			};
			name = Debug;
		};
		01AB00EF1ADBAF1E00D37D63 /* Release */ = {
			isa = XCBuildConfiguration;
			baseConfigurationReference = 5E9BFA46BF86030F8D7AEA65 /* Pods.release.xcconfig */;
			buildSettings = {
				ASSETCATALOG_COMPILER_APPICON_NAME = AppIcon;
				ASSETCATALOG_COMPILER_LAUNCHIMAGE_NAME = LaunchImage;
				FRAMEWORK_SEARCH_PATHS = (
					"$(inherited)",
					"$(PROJECT_DIR)/ShareSDK/Connection",
					"$(PROJECT_DIR)/ShareSDK/Core",
					"$(PROJECT_DIR)/ShareSDK/Extend/QQConnectSDK",
					"$(PROJECT_DIR)/ShareSDK/Extend/RenRenSDK",
					"$(PROJECT_DIR)/ShareSDK",
					"$(PROJECT_DIR)/ShareSDK/UI",
				);
				INFOPLIST_FILE = Ocean/Info.plist;
				IPHONEOS_DEPLOYMENT_TARGET = 7.0;
				LD_RUNPATH_SEARCH_PATHS = "$(inherited) @executable_path/Frameworks";
				LIBRARY_SEARCH_PATHS = (
					"$(inherited)",
					"$(PROJECT_DIR)/ShareSDK/Extend/SinaWeiboSDK",
					"$(PROJECT_DIR)/ShareSDK/Extend/TencentWeiboSDK",
					"$(PROJECT_DIR)/ShareSDK/Extend/WeChatSDK",
				);
				PRODUCT_NAME = "$(TARGET_NAME)";
			};
			name = Release;
		};
		01AB00F11ADBAF1E00D37D63 /* Debug */ = {
			isa = XCBuildConfiguration;
			buildSettings = {
				BUNDLE_LOADER = "$(TEST_HOST)";
				FRAMEWORK_SEARCH_PATHS = (
					"$(SDKROOT)/Developer/Library/Frameworks",
					"$(inherited)",
				);
				GCC_PREPROCESSOR_DEFINITIONS = (
					"DEBUG=1",
					"$(inherited)",
				);
				INFOPLIST_FILE = OceanTests/Info.plist;
				LD_RUNPATH_SEARCH_PATHS = "$(inherited) @executable_path/Frameworks @loader_path/Frameworks";
				PRODUCT_NAME = "$(TARGET_NAME)";
				TEST_HOST = "$(BUILT_PRODUCTS_DIR)/Ocean.app/Ocean";
			};
			name = Debug;
		};
		01AB00F21ADBAF1E00D37D63 /* Release */ = {
			isa = XCBuildConfiguration;
			buildSettings = {
				BUNDLE_LOADER = "$(TEST_HOST)";
				FRAMEWORK_SEARCH_PATHS = (
					"$(SDKROOT)/Developer/Library/Frameworks",
					"$(inherited)",
				);
				INFOPLIST_FILE = OceanTests/Info.plist;
				LD_RUNPATH_SEARCH_PATHS = "$(inherited) @executable_path/Frameworks @loader_path/Frameworks";
				PRODUCT_NAME = "$(TARGET_NAME)";
				TEST_HOST = "$(BUILT_PRODUCTS_DIR)/Ocean.app/Ocean";
			};
			name = Release;
		};
/* End XCBuildConfiguration section */

/* Begin XCConfigurationList section */
		01AB00C21ADBAF1E00D37D63 /* Build configuration list for PBXProject "Ocean" */ = {
			isa = XCConfigurationList;
			buildConfigurations = (
				01AB00EB1ADBAF1E00D37D63 /* Debug */,
				01AB00EC1ADBAF1E00D37D63 /* Release */,
			);
			defaultConfigurationIsVisible = 0;
			defaultConfigurationName = Release;
		};
		01AB00ED1ADBAF1E00D37D63 /* Build configuration list for PBXNativeTarget "Ocean" */ = {
			isa = XCConfigurationList;
			buildConfigurations = (
				01AB00EE1ADBAF1E00D37D63 /* Debug */,
				01AB00EF1ADBAF1E00D37D63 /* Release */,
			);
			defaultConfigurationIsVisible = 0;
			defaultConfigurationName = Release;
		};
		01AB00F01ADBAF1E00D37D63 /* Build configuration list for PBXNativeTarget "OceanTests" */ = {
			isa = XCConfigurationList;
			buildConfigurations = (
				01AB00F11ADBAF1E00D37D63 /* Debug */,
				01AB00F21ADBAF1E00D37D63 /* Release */,
			);
			defaultConfigurationIsVisible = 0;
			defaultConfigurationName = Release;
		};
/* End XCConfigurationList section */

/* Begin XCVersionGroup section */
		01AB00D11ADBAF1E00D37D63 /* Ocean.xcdatamodeld */ = {
			isa = XCVersionGroup;
			children = (
				01AB00D21ADBAF1E00D37D63 /* Ocean.xcdatamodel */,
			);
			currentVersion = 01AB00D21ADBAF1E00D37D63 /* Ocean.xcdatamodel */;
			path = Ocean.xcdatamodeld;
			sourceTree = "<group>";
			versionGroupType = wrapper.xcdatamodel;
		};
/* End XCVersionGroup section */
	};
	rootObject = 01AB00BF1ADBAF1E00D37D63 /* Project object */;
}
